# THIS IS AN AUTOGENERATED FILE. DO NOT EDIT THIS FILE DIRECTLY.
# yarn lockfile v1


fs@^0.0.1-security:
  version "0.0.1-security"
  resolved "https://registry.yarnpkg.com/fs/-/fs-0.0.1-security.tgz#8a7bd37186b6dddf3813f23858b57ecaaf5e41d4"
  integrity sha1-invTcYa23d84E/I4WLV+yq9eQdQ=

raw-loader@^0.5.1:
  version "0.5.1"
  resolved "https://registry.yarnpkg.com/raw-loader/-/raw-loader-0.5.1.tgz#0c3d0beaed8a01c966d9787bf778281252a979aa"
  integrity sha1-DD0L6u2KAclm2Xh793goElKpeao=
